{
  "version": 4,
  "terraform_version": "1.8.3",
  "serial": 266,
  "lineage": "332941a2-882f-5fcb-40d2-4bf82e243b19",
  "outputs": {},
  "resources": [
    {
      "module": "module.clustering",
      "mode": "managed",
      "type": "aws_eks_cluster",
      "name": "global-cluster",
      "provider": "provider[\"registry.terraform.io/hashicorp/aws\"]",
      "instances": [
        {
          "schema_version": 0,
          "attributes": {
            "access_config": [
              {
                "authentication_mode": "CONFIG_MAP",
                "bootstrap_cluster_creator_admin_permissions": false
              }
            ],
            "arn": "arn:aws:eks:us-west-2:992382834060:cluster/devcluster",
            "certificate_authority": [
              {
                "data": "LS0tLS1CRUdJTiBDRVJUSUZJQ0FURS0tLS0tCk1JSURCVENDQWUyZ0F3SUJBZ0lJSTNSOFM2NG5IRVl3RFFZSktvWklodmNOQVFFTEJRQXdGVEVUTUJFR0ExVUUKQXhNS2EzVmlaWEp1WlhSbGN6QWVGdzB5TkRFeE1UZ3hORE16TWpoYUZ3MHpOREV4TVRZeE5ETTRNamhhTUJVeApFekFSQmdOVkJBTVRDbXQxWW1WeWJtVjBaWE13Z2dFaU1BMEdDU3FHU0liM0RRRUJBUVVBQTRJQkR3QXdnZ0VLCkFvSUJBUUM5azAxd08rU0FqTHFib0s0ZENVcll0b0FocktVcGlORkI5ZjkxdkwzRStUNkJmeGJyUXppbExOeTMKanpSdHJ0VmdBdVdzNjV1VCt5Z2ovTlRvOUIrQWhFRHVxeUsxZ3ZoRjd5ZmVxNUJtTGZPdjZXWk1OZE9pV3htdApWRlRka3BiWk1RelZndFFzVW9vQzJnYlVQK2hUTmtUSWRxQ3dIaWxyNTZoTFVrZ29kMjhiRTJRdWMrMmQxaDRoCmgwYXNiUzZ2YjkwWnk1U05DMGo0dWVLbWVkSkY4OTRVRlBRR2dFRExXUkpML29ISWc1Mm9BM1BUYXZ0L1EzdksKWldlVUNpS0IzaTNpMlJiZ0xkeS9LVTVTWk1QZlkyaWRYSjhtQkt3VFhrL3VEckptTlo0YXFwaXdyR2VkSHFDbApzTDAxeXpPZVRvbHZiSVJjR2tybVZINGQzakVGQWdNQkFBR2pXVEJYTUE0R0ExVWREd0VCL3dRRUF3SUNwREFQCkJnTlZIUk1CQWY4RUJUQURBUUgvTUIwR0ExVWREZ1FXQkJUaXJsUWNBYk51N0Q4emZMbEVrcjlRbmdqMEJUQVYKQmdOVkhSRUVEakFNZ2dwcmRXSmxjbTVsZEdWek1BMEdDU3FHU0liM0RRRUJDd1VBQTRJQkFRQndMTzh5djZoeAovdktQU0FpTHFxazVEVVJtNnpUZng3OG5VemVhTjNHcWQvWjVQeDl4NEFMQU85d2I1WUJiN2l4Rk4yYytpUU90Ck5Xa1RBVkRreHN3NFFXNHpiZDdwTGxSNmJjVDBKMW1INXI2eks2bjJLMTNzVS9nYmk3K1VZSHN4T2orYVdjWGcKV3Yrc3YxeDJzdWdEQ3hMZ0VCUjRKN2pMVEl6Z3FwRmwycWc3OHJBTkFRNzhnUXgveWtITkdmMEhGTC9FZGZPdQpFRlVWWXY4c1EwNGtYMzNqdWV3MGVvdUFOUS9UY0Q5SzZOSWk0Qy9TVUU3UDFIQUZHazBBaFdzL1JMNW9KZ29SCjQ3NTI2cFd0Sjg3bWVMYzAzUUJsRnlqN1U4M2hGaHFOVGxPSkphQUp0NDRsdUUyNldMYVo1RC8wMndlSHBROGgKNUQ5cUdFUTAzZENJCi0tLS0tRU5EIENFUlRJRklDQVRFLS0tLS0K"
              }
            ],
            "cluster_id": null,
            "created_at": "2024-11-18 14:34:44.178 +0000 UTC",
            "enabled_cluster_log_types": null,
            "encryption_config": [],
            "endpoint": "https://0E331777ED2CE589628C053E1D5C0842.gr7.us-west-2.eks.amazonaws.com",
            "id": "devcluster",
            "identity": [
              {
                "oidc": [
                  {
                    "issuer": "https://oidc.eks.us-west-2.amazonaws.com/id/0E331777ED2CE589628C053E1D5C0842"
                  }
                ]
              }
            ],
            "kubernetes_network_config": [
              {
                "ip_family": "ipv4",
                "service_ipv4_cidr": "10.100.0.0/16",
                "service_ipv6_cidr": ""
              }
            ],
            "name": "devcluster",
            "outpost_config": [],
            "platform_version": "eks.20",
            "role_arn": "arn:aws:iam::992382834060:role/eksclusterrole",
            "status": "ACTIVE",
            "tags": {
              "Environment": "dev",
              "Name": "clustertype"
            },
            "tags_all": {
              "Environment": "dev",
              "Name": "clustertype"
            },
            "timeouts": null,
            "version": "1.30",
            "vpc_config": [
              {
                "cluster_security_group_id": "sg-0c80e14aa75447dd2",
                "endpoint_private_access": false,
                "endpoint_public_access": true,
                "public_access_cidrs": [
                  "0.0.0.0/0"
                ],
                "security_group_ids": null,
                "subnet_ids": [
                  "subnet-0382221f936a0498b",
                  "subnet-0f40b5ab523c4427b"
                ],
                "vpc_id": "vpc-0fd1acb6deda76771"
              }
            ]
          },
          "sensitive_attributes": [],
          "private": "eyJlMmJmYjczMC1lY2FhLTExZTYtOGY4OC0zNDM2M2JjN2M0YzAiOnsiY3JlYXRlIjoxODAwMDAwMDAwMDAwLCJkZWxldGUiOjkwMDAwMDAwMDAwMCwidXBkYXRlIjozNjAwMDAwMDAwMDAwfX0=",
          "dependencies": [
            "module.clustering.aws_iam_role.globalrole",
            "module.clustering.aws_subnet.pubsub01",
            "module.clustering.aws_subnet.pubsub02",
            "module.clustering.aws_vpc.kubevpc"
          ]
        }
      ]
    },
    {
      "module": "module.clustering",
      "mode": "managed",
      "type": "aws_eks_node_group",
      "name": "global-node-group",
      "provider": "provider[\"registry.terraform.io/hashicorp/aws\"]",
      "instances": [
        {
          "schema_version": 0,
          "attributes": {
            "ami_type": "AL2023_x86_64_STANDARD",
            "arn": "arn:aws:eks:us-west-2:992382834060:nodegroup/devcluster/HighIn/56c99fdc-2ba4-85c0-9302-e8f3954fb456",
            "capacity_type": "ON_DEMAND",
            "cluster_name": "devcluster",
            "disk_size": 20,
            "force_update_version": null,
            "id": "devcluster:HighIn",
            "instance_types": [
              "t3.micro"
            ],
            "labels": {
              "zone": "west"
            },
            "launch_template": [],
            "node_group_name": "HighIn",
            "node_group_name_prefix": "",
            "node_role_arn": "arn:aws:iam::992382834060:role/node-group-role",
            "release_version": "1.30.4-20241109",
            "remote_access": [],
            "resources": [
              {
                "autoscaling_groups": [
                  {
                    "name": "eks-HighIn-56c99fdc-2ba4-85c0-9302-e8f3954fb456"
                  }
                ],
                "remote_access_security_group_id": ""
              }
            ],
            "scaling_config": [
              {
                "desired_size": 2,
                "max_size": 2,
                "min_size": 2
              }
            ],
            "status": "ACTIVE",
            "subnet_ids": [
              "subnet-0382221f936a0498b",
              "subnet-0f40b5ab523c4427b"
            ],
            "tags": null,
            "tags_all": {},
            "taint": [],
            "timeouts": null,
            "update_config": [
              {
                "max_unavailable": 1,
                "max_unavailable_percentage": 0
              }
            ],
            "version": "1.30"
          },
          "sensitive_attributes": [],
          "private": "eyJlMmJmYjczMC1lY2FhLTExZTYtOGY4OC0zNDM2M2JjN2M0YzAiOnsiY3JlYXRlIjozNjAwMDAwMDAwMDAwLCJkZWxldGUiOjM2MDAwMDAwMDAwMDAsInVwZGF0ZSI6MzYwMDAwMDAwMDAwMH19",
          "dependencies": [
            "module.clustering.aws_eks_cluster.global-cluster",
            "module.clustering.aws_iam_role.global-node-group-role",
            "module.clustering.aws_iam_role.globalrole",
            "module.clustering.aws_iam_role_policy_attachment.global-eks-cni-policy",
            "module.clustering.aws_iam_role_policy_attachment.global-eks-container-policy",
            "module.clustering.aws_iam_role_policy_attachment.global-eks-worker-policy",
            "module.clustering.aws_subnet.pubsub01",
            "module.clustering.aws_subnet.pubsub02",
            "module.clustering.aws_vpc.kubevpc"
          ]
        }
      ]
    },
    {
      "module": "module.clustering",
      "mode": "managed",
      "type": "aws_iam_role",
      "name": "global-node-group-role",
      "provider": "provider[\"registry.terraform.io/hashicorp/aws\"]",
      "instances": [
        {
          "schema_version": 0,
          "attributes": {
            "arn": "arn:aws:iam::992382834060:role/node-group-role",
            "assume_role_policy": "{\"Statement\":[{\"Action\":\"sts:AssumeRole\",\"Effect\":\"Allow\",\"Principal\":{\"Service\":\"ec2.amazonaws.com\"}}],\"Version\":\"2012-10-17\"}",
            "create_date": "2024-11-18T14:34:24Z",
            "description": "",
            "force_detach_policies": false,
            "id": "node-group-role",
            "inline_policy": [],
            "managed_policy_arns": [],
            "max_session_duration": 3600,
            "name": "node-group-role",
            "name_prefix": "",
            "path": "/",
            "permissions_boundary": "",
            "tags": null,
            "tags_all": {},
            "unique_id": "AROA6ODVAKWGPJ227DCAV"
          },
          "sensitive_attributes": [],
          "private": "bnVsbA=="
        }
      ]
    },
    {
      "module": "module.clustering",
      "mode": "managed",
      "type": "aws_iam_role",
      "name": "globalrole",
      "provider": "provider[\"registry.terraform.io/hashicorp/aws\"]",
      "instances": [
        {
          "schema_version": 0,
          "attributes": {
            "arn": "arn:aws:iam::992382834060:role/eksclusterrole",
            "assume_role_policy": "{\"Statement\":[{\"Action\":\"sts:AssumeRole\",\"Effect\":\"Allow\",\"Principal\":{\"Service\":\"eks.amazonaws.com\"}}],\"Version\":\"2012-10-17\"}",
            "create_date": "2024-11-18T14:34:24Z",
            "description": "",
            "force_detach_policies": false,
            "id": "eksclusterrole",
            "inline_policy": [],
            "managed_policy_arns": [],
            "max_session_duration": 3600,
            "name": "eksclusterrole",
            "name_prefix": "",
            "path": "/",
            "permissions_boundary": "",
            "tags": null,
            "tags_all": {},
            "unique_id": "AROA6ODVAKWGADPEK2DO7"
          },
          "sensitive_attributes": [],
          "private": "bnVsbA=="
        }
      ]
    },
    {
      "module": "module.clustering",
      "mode": "managed",
      "type": "aws_iam_role_policy_attachment",
      "name": "global-eks-cni-policy",
      "provider": "provider[\"registry.terraform.io/hashicorp/aws\"]",
      "instances": [
        {
          "schema_version": 0,
          "attributes": {
            "id": "node-group-role-20241118143426078700000001",
            "policy_arn": "arn:aws:iam::aws:policy/AmazonEKS_CNI_Policy",
            "role": "node-group-role"
          },
          "sensitive_attributes": [],
          "private": "bnVsbA==",
          "dependencies": [
            "module.clustering.aws_iam_role.global-node-group-role"
          ]
        }
      ]
    },
    {
      "module": "module.clustering",
      "mode": "managed",
      "type": "aws_iam_role_policy_attachment",
      "name": "global-eks-container-policy",
      "provider": "provider[\"registry.terraform.io/hashicorp/aws\"]",
      "instances": [
        {
          "schema_version": 0,
          "attributes": {
            "id": "node-group-role-20241118143426420000000003",
            "policy_arn": "arn:aws:iam::aws:policy/AmazonEC2ContainerRegistryReadOnly",
            "role": "node-group-role"
          },
          "sensitive_attributes": [],
          "private": "bnVsbA==",
          "dependencies": [
            "module.clustering.aws_iam_role.global-node-group-role"
          ]
        }
      ]
    },
    {
      "module": "module.clustering",
      "mode": "managed",
      "type": "aws_iam_role_policy_attachment",
      "name": "global-eks-worker-policy",
      "provider": "provider[\"registry.terraform.io/hashicorp/aws\"]",
      "instances": [
        {
          "schema_version": 0,
          "attributes": {
            "id": "node-group-role-20241118143426120900000002",
            "policy_arn": "arn:aws:iam::aws:policy/AmazonEKSWorkerNodePolicy",
            "role": "node-group-role"
          },
          "sensitive_attributes": [],
          "private": "bnVsbA==",
          "dependencies": [
            "module.clustering.aws_iam_role.global-node-group-role"
          ]
        }
      ]
    },
    {
      "module": "module.clustering",
      "mode": "managed",
      "type": "aws_iam_role_policy_attachment",
      "name": "globalatachment",
      "provider": "provider[\"registry.terraform.io/hashicorp/aws\"]",
      "instances": [
        {
          "schema_version": 0,
          "attributes": {
            "id": "eksclusterrole-20241118143426463100000004",
            "policy_arn": "arn:aws:iam::aws:policy/AmazonEKSClusterPolicy",
            "role": "eksclusterrole"
          },
          "sensitive_attributes": [],
          "private": "bnVsbA==",
          "dependencies": [
            "module.clustering.aws_iam_role.globalrole"
          ]
        }
      ]
    },
    {
      "module": "module.clustering",
      "mode": "managed",
      "type": "aws_internet_gateway",
      "name": "intgate",
      "provider": "provider[\"registry.terraform.io/hashicorp/aws\"]",
      "instances": [
        {
          "schema_version": 0,
          "attributes": {
            "arn": "arn:aws:ec2:us-west-2:992382834060:internet-gateway/igw-06a0d868994de438f",
            "id": "igw-06a0d868994de438f",
            "owner_id": "992382834060",
            "tags": null,
            "tags_all": {},
            "timeouts": null,
            "vpc_id": "vpc-0fd1acb6deda76771"
          },
          "sensitive_attributes": [],
          "private": "eyJlMmJmYjczMC1lY2FhLTExZTYtOGY4OC0zNDM2M2JjN2M0YzAiOnsiY3JlYXRlIjoxMjAwMDAwMDAwMDAwLCJkZWxldGUiOjEyMDAwMDAwMDAwMDAsInVwZGF0ZSI6MTIwMDAwMDAwMDAwMH19",
          "dependencies": [
            "module.clustering.aws_vpc.kubevpc"
          ]
        }
      ]
    },
    {
      "module": "module.clustering",
      "mode": "managed",
      "type": "aws_route_table",
      "name": "pubrt",
      "provider": "provider[\"registry.terraform.io/hashicorp/aws\"]",
      "instances": [
        {
          "schema_version": 0,
          "attributes": {
            "arn": "arn:aws:ec2:us-west-2:992382834060:route-table/rtb-0adde91cb0f6cc6da",
            "id": "rtb-0adde91cb0f6cc6da",
            "owner_id": "992382834060",
            "propagating_vgws": [],
            "route": [
              {
                "carrier_gateway_id": "",
                "cidr_block": "0.0.0.0/0",
                "core_network_arn": "",
                "destination_prefix_list_id": "",
                "egress_only_gateway_id": "",
                "gateway_id": "igw-06a0d868994de438f",
                "ipv6_cidr_block": "",
                "local_gateway_id": "",
                "nat_gateway_id": "",
                "network_interface_id": "",
                "transit_gateway_id": "",
                "vpc_endpoint_id": "",
                "vpc_peering_connection_id": ""
              }
            ],
            "tags": null,
            "tags_all": {},
            "timeouts": null,
            "vpc_id": "vpc-0fd1acb6deda76771"
          },
          "sensitive_attributes": [],
          "private": "eyJlMmJmYjczMC1lY2FhLTExZTYtOGY4OC0zNDM2M2JjN2M0YzAiOnsiY3JlYXRlIjozMDAwMDAwMDAwMDAsImRlbGV0ZSI6MzAwMDAwMDAwMDAwLCJ1cGRhdGUiOjEyMDAwMDAwMDAwMH19",
          "dependencies": [
            "module.clustering.aws_internet_gateway.intgate",
            "module.clustering.aws_vpc.kubevpc"
          ]
        }
      ]
    },
    {
      "module": "module.clustering",
      "mode": "managed",
      "type": "aws_route_table_association",
      "name": "routeassoc1",
      "provider": "provider[\"registry.terraform.io/hashicorp/aws\"]",
      "instances": [
        {
          "schema_version": 0,
          "attributes": {
            "gateway_id": "",
            "id": "rtbassoc-0f3c7be9f8c4170f4",
            "route_table_id": "rtb-0adde91cb0f6cc6da",
            "subnet_id": "subnet-0f40b5ab523c4427b",
            "timeouts": null
          },
          "sensitive_attributes": [],
          "private": "eyJlMmJmYjczMC1lY2FhLTExZTYtOGY4OC0zNDM2M2JjN2M0YzAiOnsiY3JlYXRlIjozMDAwMDAwMDAwMDAsImRlbGV0ZSI6MzAwMDAwMDAwMDAwLCJ1cGRhdGUiOjEyMDAwMDAwMDAwMH19",
          "dependencies": [
            "module.clustering.aws_internet_gateway.intgate",
            "module.clustering.aws_route_table.pubrt",
            "module.clustering.aws_subnet.pubsub01",
            "module.clustering.aws_vpc.kubevpc"
          ]
        }
      ]
    },
    {
      "module": "module.clustering",
      "mode": "managed",
      "type": "aws_route_table_association",
      "name": "routeassoc2",
      "provider": "provider[\"registry.terraform.io/hashicorp/aws\"]",
      "instances": [
        {
          "schema_version": 0,
          "attributes": {
            "gateway_id": "",
            "id": "rtbassoc-016f2e13c903a473f",
            "route_table_id": "rtb-0adde91cb0f6cc6da",
            "subnet_id": "subnet-0382221f936a0498b",
            "timeouts": null
          },
          "sensitive_attributes": [],
          "private": "eyJlMmJmYjczMC1lY2FhLTExZTYtOGY4OC0zNDM2M2JjN2M0YzAiOnsiY3JlYXRlIjozMDAwMDAwMDAwMDAsImRlbGV0ZSI6MzAwMDAwMDAwMDAwLCJ1cGRhdGUiOjEyMDAwMDAwMDAwMH19",
          "dependencies": [
            "module.clustering.aws_internet_gateway.intgate",
            "module.clustering.aws_route_table.pubrt",
            "module.clustering.aws_subnet.pubsub02",
            "module.clustering.aws_vpc.kubevpc"
          ]
        }
      ]
    },
    {
      "module": "module.clustering",
      "mode": "managed",
      "type": "aws_security_group",
      "name": "devops-sg",
      "provider": "provider[\"registry.terraform.io/hashicorp/aws\"]",
      "instances": [
        {
          "schema_version": 1,
          "attributes": {
            "arn": "arn:aws:ec2:us-west-2:992382834060:security-group/sg-035d76a8df804c20c",
            "description": "This is to allow server to outside",
            "egress": [
              {
                "cidr_blocks": [
                  "0.0.0.0/0"
                ],
                "description": "",
                "from_port": 0,
                "ipv6_cidr_blocks": [],
                "prefix_list_ids": [],
                "protocol": "-1",
                "security_groups": [],
                "self": false,
                "to_port": 0
              }
            ],
            "id": "sg-035d76a8df804c20c",
            "ingress": [
              {
                "cidr_blocks": [
                  "0.0.0.0/0"
                ],
                "description": "",
                "from_port": 22,
                "ipv6_cidr_blocks": [],
                "prefix_list_ids": [],
                "protocol": "tcp",
                "security_groups": [],
                "self": false,
                "to_port": 22
              },
              {
                "cidr_blocks": [
                  "0.0.0.0/0"
                ],
                "description": "",
                "from_port": 80,
                "ipv6_cidr_blocks": [],
                "prefix_list_ids": [],
                "protocol": "tcp",
                "security_groups": [],
                "self": false,
                "to_port": 80
              }
            ],
            "name": "devsgforkube",
            "name_prefix": "",
            "owner_id": "992382834060",
            "revoke_rules_on_delete": false,
            "tags": null,
            "tags_all": {},
            "timeouts": null,
            "vpc_id": "vpc-0fd1acb6deda76771"
          },
          "sensitive_attributes": [],
          "private": "eyJlMmJmYjczMC1lY2FhLTExZTYtOGY4OC0zNDM2M2JjN2M0YzAiOnsiY3JlYXRlIjo2MDAwMDAwMDAwMDAsImRlbGV0ZSI6OTAwMDAwMDAwMDAwfSwic2NoZW1hX3ZlcnNpb24iOiIxIn0=",
          "dependencies": [
            "module.clustering.aws_vpc.kubevpc"
          ]
        }
      ]
    },
    {
      "module": "module.clustering",
      "mode": "managed",
      "type": "aws_subnet",
      "name": "pubsub01",
      "provider": "provider[\"registry.terraform.io/hashicorp/aws\"]",
      "instances": [
        {
          "schema_version": 1,
          "attributes": {
            "arn": "arn:aws:ec2:us-west-2:992382834060:subnet/subnet-0f40b5ab523c4427b",
            "assign_ipv6_address_on_creation": false,
            "availability_zone": "us-west-2a",
            "availability_zone_id": "usw2-az1",
            "cidr_block": "192.168.0.0/18",
            "customer_owned_ipv4_pool": "",
            "enable_dns64": false,
            "enable_lni_at_device_index": 0,
            "enable_resource_name_dns_a_record_on_launch": false,
            "enable_resource_name_dns_aaaa_record_on_launch": false,
            "id": "subnet-0f40b5ab523c4427b",
            "ipv6_cidr_block": "",
            "ipv6_cidr_block_association_id": "",
            "ipv6_native": false,
            "map_customer_owned_ip_on_launch": false,
            "map_public_ip_on_launch": true,
            "outpost_arn": "",
            "owner_id": "992382834060",
            "private_dns_hostname_type_on_launch": "ip-name",
            "tags": {
              "Name": "dev-pubsub01"
            },
            "tags_all": {
              "Name": "dev-pubsub01"
            },
            "timeouts": null,
            "vpc_id": "vpc-0fd1acb6deda76771"
          },
          "sensitive_attributes": [],
          "private": "eyJlMmJmYjczMC1lY2FhLTExZTYtOGY4OC0zNDM2M2JjN2M0YzAiOnsiY3JlYXRlIjo2MDAwMDAwMDAwMDAsImRlbGV0ZSI6MTIwMDAwMDAwMDAwMH0sInNjaGVtYV92ZXJzaW9uIjoiMSJ9",
          "dependencies": [
            "module.clustering.aws_vpc.kubevpc"
          ]
        }
      ]
    },
    {
      "module": "module.clustering",
      "mode": "managed",
      "type": "aws_subnet",
      "name": "pubsub02",
      "provider": "provider[\"registry.terraform.io/hashicorp/aws\"]",
      "instances": [
        {
          "schema_version": 1,
          "attributes": {
            "arn": "arn:aws:ec2:us-west-2:992382834060:subnet/subnet-0382221f936a0498b",
            "assign_ipv6_address_on_creation": false,
            "availability_zone": "us-west-2b",
            "availability_zone_id": "usw2-az2",
            "cidr_block": "192.168.64.0/18",
            "customer_owned_ipv4_pool": "",
            "enable_dns64": false,
            "enable_lni_at_device_index": 0,
            "enable_resource_name_dns_a_record_on_launch": false,
            "enable_resource_name_dns_aaaa_record_on_launch": false,
            "id": "subnet-0382221f936a0498b",
            "ipv6_cidr_block": "",
            "ipv6_cidr_block_association_id": "",
            "ipv6_native": false,
            "map_customer_owned_ip_on_launch": false,
            "map_public_ip_on_launch": true,
            "outpost_arn": "",
            "owner_id": "992382834060",
            "private_dns_hostname_type_on_launch": "ip-name",
            "tags": {
              "Name": "dev-pubsub02"
            },
            "tags_all": {
              "Name": "dev-pubsub02"
            },
            "timeouts": null,
            "vpc_id": "vpc-0fd1acb6deda76771"
          },
          "sensitive_attributes": [],
          "private": "eyJlMmJmYjczMC1lY2FhLTExZTYtOGY4OC0zNDM2M2JjN2M0YzAiOnsiY3JlYXRlIjo2MDAwMDAwMDAwMDAsImRlbGV0ZSI6MTIwMDAwMDAwMDAwMH0sInNjaGVtYV92ZXJzaW9uIjoiMSJ9",
          "dependencies": [
            "module.clustering.aws_vpc.kubevpc"
          ]
        }
      ]
    },
    {
      "module": "module.clustering",
      "mode": "managed",
      "type": "aws_vpc",
      "name": "kubevpc",
      "provider": "provider[\"registry.terraform.io/hashicorp/aws\"]",
      "instances": [
        {
          "schema_version": 1,
          "attributes": {
            "arn": "arn:aws:ec2:us-west-2:992382834060:vpc/vpc-0fd1acb6deda76771",
            "assign_generated_ipv6_cidr_block": false,
            "cidr_block": "192.168.0.0/16",
            "default_network_acl_id": "acl-0ef7cd26df3bc5699",
            "default_route_table_id": "rtb-0eb1b2cd840596d57",
            "default_security_group_id": "sg-0fce447b55c7a8189",
            "dhcp_options_id": "dopt-0ca71a041502df81d",
            "enable_dns_hostnames": false,
            "enable_dns_support": true,
            "enable_network_address_usage_metrics": false,
            "id": "vpc-0fd1acb6deda76771",
            "instance_tenancy": "default",
            "ipv4_ipam_pool_id": null,
            "ipv4_netmask_length": null,
            "ipv6_association_id": "",
            "ipv6_cidr_block": "",
            "ipv6_cidr_block_network_border_group": "",
            "ipv6_ipam_pool_id": "",
            "ipv6_netmask_length": 0,
            "main_route_table_id": "rtb-0eb1b2cd840596d57",
            "owner_id": "992382834060",
            "tags": {
              "Name": "dev-eks-vpc"
            },
            "tags_all": {
              "Name": "dev-eks-vpc"
            }
          },
          "sensitive_attributes": [],
          "private": "eyJzY2hlbWFfdmVyc2lvbiI6IjEifQ=="
        }
      ]
    }
  ],
  "check_results": null
}
